// !$*UTF8*$!
{
	archiveVersion = 1;
	classes = {
	};
	objectVersion = 46;
	objects = {

/* Begin PBXBuildFile section */
		11945BA11841C9EE009F19AA /* VFLLibraryTableViewCell.m in Sources */ = {isa = PBXBuildFile; fileRef = 11945BA01841C9EE009F19AA /* VFLLibraryTableViewCell.m */; };
		11C1D368183F2A09004F8C41 /* VFLShelfDataController.m in Sources */ = {isa = PBXBuildFile; fileRef = 11C1D367183F2A09004F8C41 /* VFLShelfDataController.m */; };
		11C1D36B183F3DD7004F8C41 /* VFLShelvesViewController.m in Sources */ = {isa = PBXBuildFile; fileRef = 11C1D36A183F3DD7004F8C41 /* VFLShelvesViewController.m */; };
		11C1D36E183F40FB004F8C41 /* VFLShelvesDetailViewController.m in Sources */ = {isa = PBXBuildFile; fileRef = 11C1D36D183F40FB004F8C41 /* VFLShelvesDetailViewController.m */; };
		11E39A7C183ED0E1007C0D08 /* Foundation.framework in Frameworks */ = {isa = PBXBuildFile; fileRef = 11E39A7B183ED0E1007C0D08 /* Foundation.framework */; };
		11E39A7E183ED0E1007C0D08 /* CoreGraphics.framework in Frameworks */ = {isa = PBXBuildFile; fileRef = 11E39A7D183ED0E1007C0D08 /* CoreGraphics.framework */; };
		11E39A80183ED0E1007C0D08 /* UIKit.framework in Frameworks */ = {isa = PBXBuildFile; fileRef = 11E39A7F183ED0E1007C0D08 /* UIKit.framework */; };
		11E39A86183ED0E1007C0D08 /* InfoPlist.strings in Resources */ = {isa = PBXBuildFile; fileRef = 11E39A84183ED0E1007C0D08 /* InfoPlist.strings */; };
		11E39A88183ED0E1007C0D08 /* main.m in Sources */ = {isa = PBXBuildFile; fileRef = 11E39A87183ED0E1007C0D08 /* main.m */; };
		11E39A8C183ED0E1007C0D08 /* VFLAppDelegate.m in Sources */ = {isa = PBXBuildFile; fileRef = 11E39A8B183ED0E1007C0D08 /* VFLAppDelegate.m */; };
		11E39A8F183ED0E1007C0D08 /* Main.storyboard in Resources */ = {isa = PBXBuildFile; fileRef = 11E39A8D183ED0E1007C0D08 /* Main.storyboard */; };
		11E39A92183ED0E1007C0D08 /* VFLMasterViewController.m in Sources */ = {isa = PBXBuildFile; fileRef = 11E39A91183ED0E1007C0D08 /* VFLMasterViewController.m */; };
		11E39A95183ED0E1007C0D08 /* VFLDetailViewController.m in Sources */ = {isa = PBXBuildFile; fileRef = 11E39A94183ED0E1007C0D08 /* VFLDetailViewController.m */; };
		11E39A97183ED0E1007C0D08 /* Images.xcassets in Resources */ = {isa = PBXBuildFile; fileRef = 11E39A96183ED0E1007C0D08 /* Images.xcassets */; };
		11E39A9E183ED0E1007C0D08 /* XCTest.framework in Frameworks */ = {isa = PBXBuildFile; fileRef = 11E39A9D183ED0E1007C0D08 /* XCTest.framework */; };
		11E39A9F183ED0E1007C0D08 /* Foundation.framework in Frameworks */ = {isa = PBXBuildFile; fileRef = 11E39A7B183ED0E1007C0D08 /* Foundation.framework */; };
		11E39AA0183ED0E1007C0D08 /* UIKit.framework in Frameworks */ = {isa = PBXBuildFile; fileRef = 11E39A7F183ED0E1007C0D08 /* UIKit.framework */; };
		11E39AA8183ED0E1007C0D08 /* InfoPlist.strings in Resources */ = {isa = PBXBuildFile; fileRef = 11E39AA6183ED0E1007C0D08 /* InfoPlist.strings */; };
		11E39AAA183ED0E1007C0D08 /* View_Fellows_LibraryTests.m in Sources */ = {isa = PBXBuildFile; fileRef = 11E39AA9183ED0E1007C0D08 /* View_Fellows_LibraryTests.m */; };
		11E39AB8183ED195007C0D08 /* FellowsLibrary.m in Sources */ = {isa = PBXBuildFile; fileRef = 11E39AB7183ED195007C0D08 /* FellowsLibrary.m */; };
		11FCAC8F183F18E8006B8E05 /* VFLLibraryDataController.m in Sources */ = {isa = PBXBuildFile; fileRef = 11FCAC8E183F18E8006B8E05 /* VFLLibraryDataController.m */; };
/* End PBXBuildFile section */

/* Begin PBXContainerItemProxy section */
		11E39AA1183ED0E1007C0D08 /* PBXContainerItemProxy */ = {
			isa = PBXContainerItemProxy;
			containerPortal = 11E39A70183ED0E1007C0D08 /* Project object */;
			proxyType = 1;
			remoteGlobalIDString = 11E39A77183ED0E1007C0D08;
			remoteInfo = "View Fellows Library";
		};
/* End PBXContainerItemProxy section */

/* Begin PBXFileReference section */
		11945B9F1841C9EE009F19AA /* VFLLibraryTableViewCell.h */ = {isa = PBXFileReference; fileEncoding = 4; lastKnownFileType = sourcecode.c.h; path = VFLLibraryTableViewCell.h; sourceTree = "<group>"; };
		11945BA01841C9EE009F19AA /* VFLLibraryTableViewCell.m */ = {isa = PBXFileReference; fileEncoding = 4; lastKnownFileType = sourcecode.c.objc; path = VFLLibraryTableViewCell.m; sourceTree = "<group>"; };
		11C1D366183F2A09004F8C41 /* VFLShelfDataController.h */ = {isa = PBXFileReference; fileEncoding = 4; lastKnownFileType = sourcecode.c.h; path = VFLShelfDataController.h; sourceTree = "<group>"; };
		11C1D367183F2A09004F8C41 /* VFLShelfDataController.m */ = {isa = PBXFileReference; fileEncoding = 4; lastKnownFileType = sourcecode.c.objc; path = VFLShelfDataController.m; sourceTree = "<group>"; };
		11C1D369183F3DD7004F8C41 /* VFLShelvesViewController.h */ = {isa = PBXFileReference; fileEncoding = 4; lastKnownFileType = sourcecode.c.h; path = VFLShelvesViewController.h; sourceTree = "<group>"; };
		11C1D36A183F3DD7004F8C41 /* VFLShelvesViewController.m */ = {isa = PBXFileReference; fileEncoding = 4; lastKnownFileType = sourcecode.c.objc; path = VFLShelvesViewController.m; sourceTree = "<group>"; };
		11C1D36C183F40FB004F8C41 /* VFLShelvesDetailViewController.h */ = {isa = PBXFileReference; fileEncoding = 4; lastKnownFileType = sourcecode.c.h; path = VFLShelvesDetailViewController.h; sourceTree = "<group>"; };
		11C1D36D183F40FB004F8C41 /* VFLShelvesDetailViewController.m */ = {isa = PBXFileReference; fileEncoding = 4; lastKnownFileType = sourcecode.c.objc; path = VFLShelvesDetailViewController.m; sourceTree = "<group>"; };
		11E39A78183ED0E1007C0D08 /* View Fellows Library.app */ = {isa = PBXFileReference; explicitFileType = wrapper.application; includeInIndex = 0; path = "View Fellows Library.app"; sourceTree = BUILT_PRODUCTS_DIR; };
		11E39A7B183ED0E1007C0D08 /* Foundation.framework */ = {isa = PBXFileReference; lastKnownFileType = wrapper.framework; name = Foundation.framework; path = System/Library/Frameworks/Foundation.framework; sourceTree = SDKROOT; };
		11E39A7D183ED0E1007C0D08 /* CoreGraphics.framework */ = {isa = PBXFileReference; lastKnownFileType = wrapper.framework; name = CoreGraphics.framework; path = System/Library/Frameworks/CoreGraphics.framework; sourceTree = SDKROOT; };
		11E39A7F183ED0E1007C0D08 /* UIKit.framework */ = {isa = PBXFileReference; lastKnownFileType = wrapper.framework; name = UIKit.framework; path = System/Library/Frameworks/UIKit.framework; sourceTree = SDKROOT; };
		11E39A83183ED0E1007C0D08 /* View Fellows Library-Info.plist */ = {isa = PBXFileReference; lastKnownFileType = text.plist.xml; path = "View Fellows Library-Info.plist"; sourceTree = "<group>"; };
		11E39A85183ED0E1007C0D08 /* en */ = {isa = PBXFileReference; lastKnownFileType = text.plist.strings; name = en; path = en.lproj/InfoPlist.strings; sourceTree = "<group>"; };
		11E39A87183ED0E1007C0D08 /* main.m */ = {isa = PBXFileReference; lastKnownFileType = sourcecode.c.objc; path = main.m; sourceTree = "<group>"; };
		11E39A89183ED0E1007C0D08 /* View Fellows Library-Prefix.pch */ = {isa = PBXFileReference; lastKnownFileType = sourcecode.c.h; path = "View Fellows Library-Prefix.pch"; sourceTree = "<group>"; };
		11E39A8A183ED0E1007C0D08 /* VFLAppDelegate.h */ = {isa = PBXFileReference; lastKnownFileType = sourcecode.c.h; path = VFLAppDelegate.h; sourceTree = "<group>"; };
		11E39A8B183ED0E1007C0D08 /* VFLAppDelegate.m */ = {isa = PBXFileReference; lastKnownFileType = sourcecode.c.objc; path = VFLAppDelegate.m; sourceTree = "<group>"; };
		11E39A8E183ED0E1007C0D08 /* Base */ = {isa = PBXFileReference; lastKnownFileType = file.storyboard; name = Base; path = Base.lproj/Main.storyboard; sourceTree = "<group>"; };
		11E39A90183ED0E1007C0D08 /* VFLMasterViewController.h */ = {isa = PBXFileReference; lastKnownFileType = sourcecode.c.h; path = VFLMasterViewController.h; sourceTree = "<group>"; };
		11E39A91183ED0E1007C0D08 /* VFLMasterViewController.m */ = {isa = PBXFileReference; lastKnownFileType = sourcecode.c.objc; path = VFLMasterViewController.m; sourceTree = "<group>"; };
		11E39A93183ED0E1007C0D08 /* VFLDetailViewController.h */ = {isa = PBXFileReference; lastKnownFileType = sourcecode.c.h; path = VFLDetailViewController.h; sourceTree = "<group>"; };
		11E39A94183ED0E1007C0D08 /* VFLDetailViewController.m */ = {isa = PBXFileReference; lastKnownFileType = sourcecode.c.objc; path = VFLDetailViewController.m; sourceTree = "<group>"; };
		11E39A96183ED0E1007C0D08 /* Images.xcassets */ = {isa = PBXFileReference; lastKnownFileType = folder.assetcatalog; path = Images.xcassets; sourceTree = "<group>"; };
		11E39A9C183ED0E1007C0D08 /* View Fellows LibraryTests.xctest */ = {isa = PBXFileReference; explicitFileType = wrapper.cfbundle; includeInIndex = 0; path = "View Fellows LibraryTests.xctest"; sourceTree = BUILT_PRODUCTS_DIR; };
		11E39A9D183ED0E1007C0D08 /* XCTest.framework */ = {isa = PBXFileReference; lastKnownFileType = wrapper.framework; name = XCTest.framework; path = Library/Frameworks/XCTest.framework; sourceTree = DEVELOPER_DIR; };
		11E39AA5183ED0E1007C0D08 /* View Fellows LibraryTests-Info.plist */ = {isa = PBXFileReference; lastKnownFileType = text.plist.xml; path = "View Fellows LibraryTests-Info.plist"; sourceTree = "<group>"; };
		11E39AA7183ED0E1007C0D08 /* en */ = {isa = PBXFileReference; lastKnownFileType = text.plist.strings; name = en; path = en.lproj/InfoPlist.strings; sourceTree = "<group>"; };
		11E39AA9183ED0E1007C0D08 /* View_Fellows_LibraryTests.m */ = {isa = PBXFileReference; lastKnownFileType = sourcecode.c.objc; path = View_Fellows_LibraryTests.m; sourceTree = "<group>"; };
		11E39AB6183ED195007C0D08 /* FellowsLibrary.h */ = {isa = PBXFileReference; fileEncoding = 4; lastKnownFileType = sourcecode.c.h; name = FellowsLibrary.h; path = "../../FellowsLibrary/Fellows Library/FellowsLibrary.h"; sourceTree = "<group>"; };
		11E39AB7183ED195007C0D08 /* FellowsLibrary.m */ = {isa = PBXFileReference; fileEncoding = 4; lastKnownFileType = sourcecode.c.objc; name = FellowsLibrary.m; path = "../../FellowsLibrary/Fellows Library/FellowsLibrary.m"; sourceTree = "<group>"; };
		11FCAC8D183F18E8006B8E05 /* VFLLibraryDataController.h */ = {isa = PBXFileReference; fileEncoding = 4; lastKnownFileType = sourcecode.c.h; name = VFLLibraryDataController.h; path = ../VFLLibraryDataController.h; sourceTree = "<group>"; };
		11FCAC8E183F18E8006B8E05 /* VFLLibraryDataController.m */ = {isa = PBXFileReference; fileEncoding = 4; lastKnownFileType = sourcecode.c.objc; name = VFLLibraryDataController.m; path = ../VFLLibraryDataController.m; sourceTree = "<group>"; };
/* End PBXFileReference section */

/* Begin PBXFrameworksBuildPhase section */
		11E39A75183ED0E1007C0D08 /* Frameworks */ = {
			isa = PBXFrameworksBuildPhase;
			buildActionMask = 2147483647;
			files = (
				11E39A7E183ED0E1007C0D08 /* CoreGraphics.framework in Frameworks */,
				11E39A80183ED0E1007C0D08 /* UIKit.framework in Frameworks */,
				11E39A7C183ED0E1007C0D08 /* Foundation.framework in Frameworks */,
			);
			runOnlyForDeploymentPostprocessing = 0;
		};
		11E39A99183ED0E1007C0D08 /* Frameworks */ = {
			isa = PBXFrameworksBuildPhase;
			buildActionMask = 2147483647;
			files = (
				11E39A9E183ED0E1007C0D08 /* XCTest.framework in Frameworks */,
				11E39AA0183ED0E1007C0D08 /* UIKit.framework in Frameworks */,
				11E39A9F183ED0E1007C0D08 /* Foundation.framework in Frameworks */,
			);
			runOnlyForDeploymentPostprocessing = 0;
		};
/* End PBXFrameworksBuildPhase section */

/* Begin PBXGroup section */
		11945B9E1841C01B009F19AA /* Library */ = {
			isa = PBXGroup;
			children = (
				11FCAC8D183F18E8006B8E05 /* VFLLibraryDataController.h */,
				11FCAC8E183F18E8006B8E05 /* VFLLibraryDataController.m */,
				11E39AB6183ED195007C0D08 /* FellowsLibrary.h */,
				11E39AB7183ED195007C0D08 /* FellowsLibrary.m */,
				11C1D366183F2A09004F8C41 /* VFLShelfDataController.h */,
				11C1D367183F2A09004F8C41 /* VFLShelfDataController.m */,
				11E39A90183ED0E1007C0D08 /* VFLMasterViewController.h */,
				11E39A91183ED0E1007C0D08 /* VFLMasterViewController.m */,
				11E39A93183ED0E1007C0D08 /* VFLDetailViewController.h */,
				11E39A94183ED0E1007C0D08 /* VFLDetailViewController.m */,
				11945B9F1841C9EE009F19AA /* VFLLibraryTableViewCell.h */,
				11945BA01841C9EE009F19AA /* VFLLibraryTableViewCell.m */,
			);
			name = Library;
			sourceTree = "<group>";
		};
		11E39A6F183ED0E1007C0D08 = {
			isa = PBXGroup;
			children = (
				11E39A81183ED0E1007C0D08 /* View Fellows Library */,
				11E39AA3183ED0E1007C0D08 /* View Fellows LibraryTests */,
				11E39A7A183ED0E1007C0D08 /* Frameworks */,
				11E39A79183ED0E1007C0D08 /* Products */,
			);
			sourceTree = "<group>";
		};
		11E39A79183ED0E1007C0D08 /* Products */ = {
			isa = PBXGroup;
			children = (
				11E39A78183ED0E1007C0D08 /* View Fellows Library.app */,
				11E39A9C183ED0E1007C0D08 /* View Fellows LibraryTests.xctest */,
			);
			name = Products;
			sourceTree = "<group>";
		};
		11E39A7A183ED0E1007C0D08 /* Frameworks */ = {
			isa = PBXGroup;
			children = (
				11E39A7B183ED0E1007C0D08 /* Foundation.framework */,
				11E39A7D183ED0E1007C0D08 /* CoreGraphics.framework */,
				11E39A7F183ED0E1007C0D08 /* UIKit.framework */,
				11E39A9D183ED0E1007C0D08 /* XCTest.framework */,
			);
			name = Frameworks;
			sourceTree = "<group>";
		};
		11E39A81183ED0E1007C0D08 /* View Fellows Library */ = {
			isa = PBXGroup;
			children = (
				11945B9E1841C01B009F19AA /* Library */,
				11C1D36C183F40FB004F8C41 /* VFLShelvesDetailViewController.h */,
				11C1D36D183F40FB004F8C41 /* VFLShelvesDetailViewController.m */,
				11E39A8A183ED0E1007C0D08 /* VFLAppDelegate.h */,
				11E39A8B183ED0E1007C0D08 /* VFLAppDelegate.m */,
				11E39A8D183ED0E1007C0D08 /* Main.storyboard */,
				11C1D369183F3DD7004F8C41 /* VFLShelvesViewController.h */,
				11C1D36A183F3DD7004F8C41 /* VFLShelvesViewController.m */,
				11E39A96183ED0E1007C0D08 /* Images.xcassets */,
				11E39A82183ED0E1007C0D08 /* Supporting Files */,
			);
			path = "View Fellows Library";
			sourceTree = "<group>";
		};
		11E39A82183ED0E1007C0D08 /* Supporting Files */ = {
			isa = PBXGroup;
			children = (
				11E39A83183ED0E1007C0D08 /* View Fellows Library-Info.plist */,
				11E39A84183ED0E1007C0D08 /* InfoPlist.strings */,
				11E39A87183ED0E1007C0D08 /* main.m */,
				11E39A89183ED0E1007C0D08 /* View Fellows Library-Prefix.pch */,
			);
			name = "Supporting Files";
			sourceTree = "<group>";
		};
		11E39AA3183ED0E1007C0D08 /* View Fellows LibraryTests */ = {
			isa = PBXGroup;
			children = (
				11E39AA9183ED0E1007C0D08 /* View_Fellows_LibraryTests.m */,
				11E39AA4183ED0E1007C0D08 /* Supporting Files */,
			);
			path = "View Fellows LibraryTests";
			sourceTree = "<group>";
		};
		11E39AA4183ED0E1007C0D08 /* Supporting Files */ = {
			isa = PBXGroup;
			children = (
				11E39AA5183ED0E1007C0D08 /* View Fellows LibraryTests-Info.plist */,
				11E39AA6183ED0E1007C0D08 /* InfoPlist.strings */,
			);
			name = "Supporting Files";
			sourceTree = "<group>";
		};
/* End PBXGroup section */

/* Begin PBXNativeTarget section */
		11E39A77183ED0E1007C0D08 /* View Fellows Library */ = {
			isa = PBXNativeTarget;
			buildConfigurationList = 11E39AAD183ED0E1007C0D08 /* Build configuration list for PBXNativeTarget "View Fellows Library" */;
			buildPhases = (
				11E39A74183ED0E1007C0D08 /* Sources */,
				11E39A75183ED0E1007C0D08 /* Frameworks */,
				11E39A76183ED0E1007C0D08 /* Resources */,
			);
			buildRules = (
			);
			dependencies = (
			);
			name = "View Fellows Library";
			productName = "View Fellows Library";
			productReference = 11E39A78183ED0E1007C0D08 /* View Fellows Library.app */;
			productType = "com.apple.product-type.application";
		};
		11E39A9B183ED0E1007C0D08 /* View Fellows LibraryTests */ = {
			isa = PBXNativeTarget;
			buildConfigurationList = 11E39AB0183ED0E1007C0D08 /* Build configuration list for PBXNativeTarget "View Fellows LibraryTests" */;
			buildPhases = (
				11E39A98183ED0E1007C0D08 /* Sources */,
				11E39A99183ED0E1007C0D08 /* Frameworks */,
				11E39A9A183ED0E1007C0D08 /* Resources */,
			);
			buildRules = (
			);
			dependencies = (
				11E39AA2183ED0E1007C0D08 /* PBXTargetDependency */,
			);
			name = "View Fellows LibraryTests";
			productName = "View Fellows LibraryTests";
			productReference = 11E39A9C183ED0E1007C0D08 /* View Fellows LibraryTests.xctest */;
			productType = "com.apple.product-type.bundle.unit-test";
		};
/* End PBXNativeTarget section */

/* Begin PBXProject section */
		11E39A70183ED0E1007C0D08 /* Project object */ = {
			isa = PBXProject;
			attributes = {
				CLASSPREFIX = VFL;
				LastUpgradeCheck = 0500;
				ORGANIZATIONNAME = "NMFF Development";
				TargetAttributes = {
					11E39A9B183ED0E1007C0D08 = {
						TestTargetID = 11E39A77183ED0E1007C0D08;
					};
				};
			};
			buildConfigurationList = 11E39A73183ED0E1007C0D08 /* Build configuration list for PBXProject "View Fellows Library" */;
			compatibilityVersion = "Xcode 3.2";
			developmentRegion = English;
			hasScannedForEncodings = 0;
			knownRegions = (
				en,
				Base,
			);
			mainGroup = 11E39A6F183ED0E1007C0D08;
			productRefGroup = 11E39A79183ED0E1007C0D08 /* Products */;
			projectDirPath = "";
			projectRoot = "";
			targets = (
				11E39A77183ED0E1007C0D08 /* View Fellows Library */,
				11E39A9B183ED0E1007C0D08 /* View Fellows LibraryTests */,
			);
		};
/* End PBXProject section */

/* Begin PBXResourcesBuildPhase section */
		11E39A76183ED0E1007C0D08 /* Resources */ = {
			isa = PBXResourcesBuildPhase;
			buildActionMask = 2147483647;
			files = (
				11E39A97183ED0E1007C0D08 /* Images.xcassets in Resources */,
				11E39A86183ED0E1007C0D08 /* InfoPlist.strings in Resources */,
				11E39A8F183ED0E1007C0D08 /* Main.storyboard in Resources */,
			);
			runOnlyForDeploymentPostprocessing = 0;
		};
		11E39A9A183ED0E1007C0D08 /* Resources */ = {
			isa = PBXResourcesBuildPhase;
			buildActionMask = 2147483647;
			files = (
				11E39AA8183ED0E1007C0D08 /* InfoPlist.strings in Resources */,
			);
			runOnlyForDeploymentPostprocessing = 0;
		};
/* End PBXResourcesBuildPhase section */

/* Begin PBXSourcesBuildPhase section */
		11E39A74183ED0E1007C0D08 /* Sources */ = {
			isa = PBXSourcesBuildPhase;
			buildActionMask = 2147483647;
			files = (
				11FCAC8F183F18E8006B8E05 /* VFLLibraryDataController.m in Sources */,
				11E39A92183ED0E1007C0D08 /* VFLMasterViewController.m in Sources */,
				11E39A88183ED0E1007C0D08 /* main.m in Sources */,
				11E39AB8183ED195007C0D08 /* FellowsLibrary.m in Sources */,
				11945BA11841C9EE009F19AA /* VFLLibraryTableViewCell.m in Sources */,
				11C1D36E183F40FB004F8C41 /* VFLShelvesDetailViewController.m in Sources */,
				11E39A95183ED0E1007C0D08 /* VFLDetailViewController.m in Sources */,
				11C1D368183F2A09004F8C41 /* VFLShelfDataController.m in Sources */,
				11C1D36B183F3DD7004F8C41 /* VFLShelvesViewController.m in Sources */,
				11E39A8C183ED0E1007C0D08 /* VFLAppDelegate.m in Sources */,
			);
			runOnlyForDeploymentPostprocessing = 0;
		};
		11E39A98183ED0E1007C0D08 /* Sources */ = {
			isa = PBXSourcesBuildPhase;
			buildActionMask = 2147483647;
			files = (
				11E39AAA183ED0E1007C0D08 /* View_Fellows_LibraryTests.m in Sources */,
			);
			runOnlyForDeploymentPostprocessing = 0;
		};
/* End PBXSourcesBuildPhase section */

/* Begin PBXTargetDependency section */
		11E39AA2183ED0E1007C0D08 /* PBXTargetDependency */ = {
			isa = PBXTargetDependency;
			target = 11E39A77183ED0E1007C0D08 /* View Fellows Library */;
			targetProxy = 11E39AA1183ED0E1007C0D08 /* PBXContainerItemProxy */;
		};
/* End PBXTargetDependency section */

/* Begin PBXVariantGroup section */
		11E39A84183ED0E1007C0D08 /* InfoPlist.strings */ = {
			isa = PBXVariantGroup;
			children = (
				11E39A85183ED0E1007C0D08 /* en */,
			);
			name = InfoPlist.strings;
			sourceTree = "<group>";
		};
		11E39A8D183ED0E1007C0D08 /* Main.storyboard */ = {
			isa = PBXVariantGroup;
			children = (
				11E39A8E183ED0E1007C0D08 /* Base */,
			);
			name = Main.storyboard;
			sourceTree = "<group>";
		};
		11E39AA6183ED0E1007C0D08 /* InfoPlist.strings */ = {
			isa = PBXVariantGroup;
			children = (
				11E39AA7183ED0E1007C0D08 /* en */,
			);
			name = InfoPlist.strings;
			sourceTree = "<group>";
		};
/* End PBXVariantGroup section */

/* Begin XCBuildConfiguration section */
		11E39AAB183ED0E1007C0D08 /* Debug */ = {
			isa = XCBuildConfiguration;
			buildSettings = {
				ALWAYS_SEARCH_USER_PATHS = NO;
				ARCHS = "$(ARCHS_STANDARD_INCLUDING_64_BIT)";
				CLANG_CXX_LANGUAGE_STANDARD = "gnu++0x";
				CLANG_CXX_LIBRARY = "libc++";
				CLANG_ENABLE_MODULES = YES;
				CLANG_ENABLE_OBJC_ARC = YES;
				CLANG_WARN_BOOL_CONVERSION = YES;
				CLANG_WARN_CONSTANT_CONVERSION = YES;
				CLANG_WARN_DIRECT_OBJC_ISA_USAGE = YES_ERROR;
				CLANG_WARN_EMPTY_BODY = YES;
				CLANG_WARN_ENUM_CONVERSION = YES;
				CLANG_WARN_INT_CONVERSION = YES;
				CLANG_WARN_OBJC_ROOT_CLASS = YES_ERROR;
				CLANG_WARN__DUPLICATE_METHOD_MATCH = YES;
				"CODE_SIGN_IDENTITY[sdk=iphoneos*]" = "iPhone Developer";
				COPY_PHASE_STRIP = NO;
				GCC_C_LANGUAGE_STANDARD = gnu99;
				GCC_DYNAMIC_NO_PIC = NO;
				GCC_OPTIMIZATION_LEVEL = 0;
				GCC_PREPROCESSOR_DEFINITIONS = (
					"DEBUG=1",
					"$(inherited)",
				);
				GCC_SYMBOLS_PRIVATE_EXTERN = NO;
				GCC_WARN_64_TO_32_BIT_CONVERSION = YES;
				GCC_WARN_ABOUT_RETURN_TYPE = YES_ERROR;
				GCC_WARN_UNDECLARED_SELECTOR = YES;
				GCC_WARN_UNINITIALIZED_AUTOS = YES;
				GCC_WARN_UNUSED_FUNCTION = YES;
				GCC_WARN_UNUSED_VARIABLE = YES;
				IPHONEOS_DEPLOYMENT_TARGET = 7.0;
				ONLY_ACTIVE_ARCH = YES;
				SDKROOT = iphoneos;
			};
			name = Debug;
		};
		11E39AAC183ED0E1007C0D08 /* Release */ = {
			isa = XCBuildConfiguration;
			buildSettings = {
				ALWAYS_SEARCH_USER_PATHS = NO;
				ARCHS = "$(ARCHS_STANDARD_INCLUDING_64_BIT)";
				CLANG_CXX_LANGUAGE_STANDARD = "gnu++0x";
				CLANG_CXX_LIBRARY = "libc++";
				CLANG_ENABLE_MODULES = YES;
				CLANG_ENABLE_OBJC_ARC = YES;
				CLANG_WARN_BOOL_CONVERSION = YES;
				CLANG_WARN_CONSTANT_CONVERSION = YES;
				CLANG_WARN_DIRECT_OBJC_ISA_USAGE = YES_ERROR;
				CLANG_WARN_EMPTY_BODY = YES;
				CLANG_WARN_ENUM_CONVERSION = YES;
				CLANG_WARN_INT_CONVERSION = YES;
				CLANG_WARN_OBJC_ROOT_CLASS = YES_ERROR;
				CLANG_WARN__DUPLICATE_METHOD_MATCH = YES;
				"CODE_SIGN_IDENTITY[sdk=iphoneos*]" = "iPhone Developer";
				COPY_PHASE_STRIP = YES;
				ENABLE_NS_ASSERTIONS = NO;
				GCC_C_LANGUAGE_STANDARD = gnu99;
				GCC_WARN_64_TO_32_BIT_CONVERSION = YES;
				GCC_WARN_ABOUT_RETURN_TYPE = YES_ERROR;
				GCC_WARN_UNDECLARED_SELECTOR = YES;
				GCC_WARN_UNINITIALIZED_AUTOS = YES;
				GCC_WARN_UNUSED_FUNCTION = YES;
				GCC_WARN_UNUSED_VARIABLE = YES;
				IPHONEOS_DEPLOYMENT_TARGET = 7.0;
				SDKROOT = iphoneos;
				VALIDATE_PRODUCT = YES;
			};
			name = Release;
		};
		11E39AAE183ED0E1007C0D08 /* Debug */ = {
			isa = XCBuildConfiguration;
			buildSettings = {
				ASSETCATALOG_COMPILER_APPICON_NAME = AppIcon;
				ASSETCATALOG_COMPILER_LAUNCHIMAGE_NAME = LaunchImage;
				GCC_PRECOMPILE_PREFIX_HEADER = YES;
				GCC_PREFIX_HEADER = "View Fellows Library/View Fellows Library-Prefix.pch";
				INFOPLIST_FILE = "View Fellows Library/View Fellows Library-Info.plist";
				PRODUCT_NAME = "$(TARGET_NAME)";
				WRAPPER_EXTENSION = app;
			};
			name = Debug;
		};
		11E39AAF183ED0E1007C0D08 /* Release */ = {
			isa = XCBuildConfiguration;
			buildSettings = {
				ASSETCATALOG_COMPILER_APPICON_NAME = AppIcon;
				ASSETCATALOG_COMPILER_LAUNCHIMAGE_NAME = LaunchImage;
				GCC_PRECOMPILE_PREFIX_HEADER = YES;
				GCC_PREFIX_HEADER = "View Fellows Library/View Fellows Library-Prefix.pch";
				INFOPLIST_FILE = "View Fellows Library/View Fellows Library-Info.plist";
				PRODUCT_NAME = "$(TARGET_NAME)";
				WRAPPER_EXTENSION = app;
			};
			name = Release;
		};
		11E39AB1183ED0E1007C0D08 /* Debug */ = {
			isa = XCBuildConfiguration;
			buildSettings = {
				ARCHS = "$(ARCHS_STANDARD_INCLUDING_64_BIT)";
				BUNDLE_LOADER = "$(BUILT_PRODUCTS_DIR)/View Fellows Library.app/View Fellows Library";
				FRAMEWORK_SEARCH_PATHS = (
					"$(SDKROOT)/Developer/Library/Frameworks",
					"$(inherited)",
					"$(DEVELOPER_FRAMEWORKS_DIR)",
				);
				GCC_PRECOMPILE_PREFIX_HEADER = YES;
				GCC_PREFIX_HEADER = "View Fellows Library/View Fellows Library-Prefix.pch";
				GCC_PREPROCESSOR_DEFINITIONS = (
					"DEBUG=1",
					"$(inherited)",
				);
				INFOPLIST_FILE = "View Fellows LibraryTests/View Fellows LibraryTests-Info.plist";
				PRODUCT_NAME = "$(TARGET_NAME)";
				TEST_HOST = "$(BUNDLE_LOADER)";
				WRAPPER_EXTENSION = xctest;
			};
			name = Debug;
		};
		11E39AB2183ED0E1007C0D08 /* Release */ = {
			isa = XCBuildConfiguration;
			buildSettings = {
				ARCHS = "$(ARCHS_STANDARD_INCLUDING_64_BIT)";
				BUNDLE_LOADER = "$(BUILT_PRODUCTS_DIR)/View Fellows Library.app/View Fellows Library";
				FRAMEWORK_SEARCH_PATHS = (
					"$(SDKROOT)/Developer/Library/Frameworks",
					"$(inherited)",
					"$(DEVELOPER_FRAMEWORKS_DIR)",
				);
				GCC_PRECOMPILE_PREFIX_HEADER = YES;
				GCC_PREFIX_HEADER = "View Fellows Library/View Fellows Library-Prefix.pch";
				INFOPLIST_FILE = "View Fellows LibraryTests/View Fellows LibraryTests-Info.plist";
				PRODUCT_NAME = "$(TARGET_NAME)";
				TEST_HOST = "$(BUNDLE_LOADER)";
				WRAPPER_EXTENSION = xctest;
			};
			name = Release;
		};
/* End XCBuildConfiguration section */

/* Begin XCConfigurationList section */
		11E39A73183ED0E1007C0D08 /* Build configuration list for PBXProject "View Fellows Library" */ = {
			isa = XCConfigurationList;
			buildConfigurations = (
				11E39AAB183ED0E1007C0D08 /* Debug */,
				11E39AAC183ED0E1007C0D08 /* Release */,
			);
			defaultConfigurationIsVisible = 0;
			defaultConfigurationName = Release;
		};
		11E39AAD183ED0E1007C0D08 /* Build configuration list for PBXNativeTarget "View Fellows Library" */ = {
			isa = XCConfigurationList;
			buildConfigurations = (
				11E39AAE183ED0E1007C0D08 /* Debug */,
				11E39AAF183ED0E1007C0D08 /* Release */,
			);
			defaultConfigurationIsVisible = 0;
			defaultConfigurationName = Release;
		};
		11E39AB0183ED0E1007C0D08 /* Build configuration list for PBXNativeTarget "View Fellows LibraryTests" */ = {
			isa = XCConfigurationList;
			buildConfigurations = (
				11E39AB1183ED0E1007C0D08 /* Debug */,
				11E39AB2183ED0E1007C0D08 /* Release */,
			);
			defaultConfigurationIsVisible = 0;
			defaultConfigurationName = Release;
		};
/* End XCConfigurationList section */
	};
	rootObject = 11E39A70183ED0E1007C0D08 /* Project object */;
}
